
Microsoft Visual Studio Solution File, Format Version 12.00
# Visual Studio Version 17
VisualStudioVersion = 17.6.33829.357
MinimumVisualStudioVersion = 10.0.40219.1
Project("{FAE04EC0-301F-11D3-BF4B-00C04F79EFBC}") = "MathMethod", "MathMethod.csproj", "{27713FC0-3D51-4A9F-B052-7DF8F1C8B593}"
EndProject
Global
	GlobalSection(SolutionConfigurationPlatforms) = preSolution
		Debug|Any CPU = Debug|Any CPU
		Release|Any CPU = Release|Any CPU
	EndGlobalSection
	GlobalSection(ProjectConfigurationPlatforms) = postSolution
		{27713FC0-3D51-4A9F-B052-7DF8F1C8B593}.Debug|Any CPU.ActiveCfg = Debug|Any CPU
		{27713FC0-3D51-4A9F-B052-7DF8F1C8B593}.Debug|Any CPU.Build.0 = Debug|Any CPU
		{27713FC0-3D51-4A9F-B052-7DF8F1C8B593}.Release|Any CPU.ActiveCfg = Release|Any CPU
		{27713FC0-3D51-4A9F-B052-7DF8F1C8B593}.Release|Any CPU.Build.0 = Release|Any CPU
	EndGlobalSection
	GlobalSection(SolutionProperties) = preSolution
		HideSolutionNode = FALSE
	EndGlobalSection
	GlobalSection(ExtensibilityGlobals) = postSolution
		SolutionGuid = {96B75E1E-12A4-4AA0-9DF9-CA51ECC01268}
	EndGlobalSection
EndGlobal
