
Microsoft Visual Studio Solution File, Format Version 12.00
# Visual Studio Version 17
VisualStudioVersion = 17.6.33829.357
MinimumVisualStudioVersion = 10.0.40219.1
Project("{FAE04EC0-301F-11D3-BF4B-00C04F79EFBC}") = "Parsing Enmus Assignment", "Parsing Enmus Assignment.csproj", "{24BEBD3B-2451-4502-8EF4-66E411BB6E80}"
EndProject
Global
	GlobalSection(SolutionConfigurationPlatforms) = preSolution
		Debug|Any CPU = Debug|Any CPU
		Release|Any CPU = Release|Any CPU
	EndGlobalSection
	GlobalSection(ProjectConfigurationPlatforms) = postSolution
		{24BEBD3B-2451-4502-8EF4-66E411BB6E80}.Debug|Any CPU.ActiveCfg = Debug|Any CPU
		{24BEBD3B-2451-4502-8EF4-66E411BB6E80}.Debug|Any CPU.Build.0 = Debug|Any CPU
		{24BEBD3B-2451-4502-8EF4-66E411BB6E80}.Release|Any CPU.ActiveCfg = Release|Any CPU
		{24BEBD3B-2451-4502-8EF4-66E411BB6E80}.Release|Any CPU.Build.0 = Release|Any CPU
	EndGlobalSection
	GlobalSection(SolutionProperties) = preSolution
		HideSolutionNode = FALSE
	EndGlobalSection
	GlobalSection(ExtensibilityGlobals) = postSolution
		SolutionGuid = {5CB3333E-B9CF-4E1F-BACE-2455BC71FAF2}
	EndGlobalSection
EndGlobal
