
Microsoft Visual Studio Solution File, Format Version 12.00
# Visual Studio Version 16
VisualStudioVersion = 16.0.33920.266
MinimumVisualStudioVersion = 10.0.40219.1
Project("{FAE04EC0-301F-11D3-BF4B-00C04F79EFBC}") = "StudentDatabase", "StudentDatabase\StudentDatabase.csproj", "{F8586275-7CC7-4068-B922-FA214B8F08A5}"
EndProject
Global
	GlobalSection(SolutionConfigurationPlatforms) = preSolution
		Debug|Any CPU = Debug|Any CPU
		Release|Any CPU = Release|Any CPU
	EndGlobalSection
	GlobalSection(ProjectConfigurationPlatforms) = postSolution
		{F8586275-7CC7-4068-B922-FA214B8F08A5}.Debug|Any CPU.ActiveCfg = Debug|Any CPU
		{F8586275-7CC7-4068-B922-FA214B8F08A5}.Debug|Any CPU.Build.0 = Debug|Any CPU
		{F8586275-7CC7-4068-B922-FA214B8F08A5}.Release|Any CPU.ActiveCfg = Release|Any CPU
		{F8586275-7CC7-4068-B922-FA214B8F08A5}.Release|Any CPU.Build.0 = Release|Any CPU
	EndGlobalSection
	GlobalSection(SolutionProperties) = preSolution
		HideSolutionNode = FALSE
	EndGlobalSection
	GlobalSection(ExtensibilityGlobals) = postSolution
		SolutionGuid = {4BDEE517-F771-4A90-B808-D0A474D97DA2}
	EndGlobalSection
EndGlobal
