
Microsoft Visual Studio Solution File, Format Version 12.00
# Visual Studio Version 17
VisualStudioVersion = 17.6.33829.357
MinimumVisualStudioVersion = 10.0.40219.1
Project("{FAE04EC0-301F-11D3-BF4B-00C04F79EFBC}") = "Daily Report", "Daily Report.csproj", "{2403DD4A-0FF6-4540-9445-80FDFE087884}"
EndProject
Global
	GlobalSection(SolutionConfigurationPlatforms) = preSolution
		Debug|Any CPU = Debug|Any CPU
		Release|Any CPU = Release|Any CPU
	EndGlobalSection
	GlobalSection(ProjectConfigurationPlatforms) = postSolution
		{2403DD4A-0FF6-4540-9445-80FDFE087884}.Debug|Any CPU.ActiveCfg = Debug|Any CPU
		{2403DD4A-0FF6-4540-9445-80FDFE087884}.Debug|Any CPU.Build.0 = Debug|Any CPU
		{2403DD4A-0FF6-4540-9445-80FDFE087884}.Release|Any CPU.ActiveCfg = Release|Any CPU
		{2403DD4A-0FF6-4540-9445-80FDFE087884}.Release|Any CPU.Build.0 = Release|Any CPU
	EndGlobalSection
	GlobalSection(SolutionProperties) = preSolution
		HideSolutionNode = FALSE
	EndGlobalSection
	GlobalSection(ExtensibilityGlobals) = postSolution
		SolutionGuid = {0D799633-99BB-4D3E-987B-43467F2DA9E9}
	EndGlobalSection
EndGlobal
